{
  "name": "display-javascript-testing",
  "version": "1.0.0",
  "lockfileVersion": 3,
  "requires": true,
  "packages": {
    "": {
      "name": "display-javascript-testing",
      "version": "1.0.0",
      "license": "ISC",
      "dependencies": {
        "control-sequence-introducer": "^0.0.2"
      }
    },
    "node_modules/control-sequence-introducer": {
      "version": "0.0.2",
      "resolved": "https://registry.npmjs.org/control-sequence-introducer/-/control-sequence-introducer-0.0.2.tgz",
      "integrity": "sha512-UZ8wDB3b0dEIkmUaaiDuMgNiChcBSVel5iKv+77DZ0UGrf0UnJ4Kxnp9KyrcOezDiUU4ryDyq+BODOAMcRv5+g==",
      "dependencies": {
        "terminal-escape-char": "*"
      }
    },
    "node_modules/terminal-escape-char": {
      "version": "0.0.4",
      "resolved": "https://registry.npmjs.org/terminal-escape-char/-/terminal-escape-char-0.0.4.tgz",
      "integrity": "sha512-Gy0H5xwAGLKgQpid7kKRgRgrwqiVQe0b8uduRZr6mDBVH21BwUhDJEVvhBEONDt6Or+gcur0QeQDOr6rAmwnpQ=="
    }
  }
}
